
Microsoft Visual Studio Solution File, Format Version 12.00
# Visual Studio 14
VisualStudioVersion = 14.0.25420.1
MinimumVisualStudioVersion = 10.0.40219.1
Project("{FAE04EC0-301F-11D3-BF4B-00C04F79EFBC}") = "DeGaverbeekProject", "DeGaverbeekProject\DeGaverbeekProject.csproj", "{2994D457-26FF-440D-AF2E-7DF7959EDE38}"
EndProject
Project("{FAE04EC0-301F-11D3-BF4B-00C04F79EFBC}") = "DeGaverbeekProject.DAO", "DeGaverbeekProject.DAO\DeGaverbeekProject.DAO.csproj", "{43B9F026-5280-492E-9F2B-ED8902F6D529}"
EndProject
Global
	GlobalSection(SolutionConfigurationPlatforms) = preSolution
		Debug|Any CPU = Debug|Any CPU
		Release|Any CPU = Release|Any CPU
	EndGlobalSection
	GlobalSection(ProjectConfigurationPlatforms) = postSolution
		{2994D457-26FF-440D-AF2E-7DF7959EDE38}.Debug|Any CPU.ActiveCfg = Debug|Any CPU
		{2994D457-26FF-440D-AF2E-7DF7959EDE38}.Debug|Any CPU.Build.0 = Debug|Any CPU
		{2994D457-26FF-440D-AF2E-7DF7959EDE38}.Release|Any CPU.ActiveCfg = Release|Any CPU
		{2994D457-26FF-440D-AF2E-7DF7959EDE38}.Release|Any CPU.Build.0 = Release|Any CPU
		{43B9F026-5280-492E-9F2B-ED8902F6D529}.Debug|Any CPU.ActiveCfg = Debug|Any CPU
		{43B9F026-5280-492E-9F2B-ED8902F6D529}.Debug|Any CPU.Build.0 = Debug|Any CPU
		{43B9F026-5280-492E-9F2B-ED8902F6D529}.Release|Any CPU.ActiveCfg = Release|Any CPU
		{43B9F026-5280-492E-9F2B-ED8902F6D529}.Release|Any CPU.Build.0 = Release|Any CPU
	EndGlobalSection
	GlobalSection(SolutionProperties) = preSolution
		HideSolutionNode = FALSE
	EndGlobalSection
EndGlobal
