
Microsoft Visual Studio Solution File, Format Version 12.00
# Visual Studio 15
VisualStudioVersion = 15.0.27004.2002
MinimumVisualStudioVersion = 10.0.40219.1
Project("{FAE04EC0-301F-11D3-BF4B-00C04F79EFBC}") = "DeGaverbeekProject", "DeGaverbeekProject\DeGaverbeekProject.csproj", "{2994D457-26FF-440D-AF2E-7DF7959EDE38}"
EndProject
Project("{FAE04EC0-301F-11D3-BF4B-00C04F79EFBC}") = "DeGaverbeekProject.Domain", "DeGaverbeekProject.Domain\DeGaverbeekProject.Domain.csproj", "{256DD146-03C2-428F-91AD-FB758058B4C9}"
EndProject
Global
	GlobalSection(SolutionConfigurationPlatforms) = preSolution
		Debug|Any CPU = Debug|Any CPU
		Release|Any CPU = Release|Any CPU
	EndGlobalSection
	GlobalSection(ProjectConfigurationPlatforms) = postSolution
		{2994D457-26FF-440D-AF2E-7DF7959EDE38}.Debug|Any CPU.ActiveCfg = Debug|Any CPU
		{2994D457-26FF-440D-AF2E-7DF7959EDE38}.Debug|Any CPU.Build.0 = Debug|Any CPU
		{2994D457-26FF-440D-AF2E-7DF7959EDE38}.Release|Any CPU.ActiveCfg = Release|Any CPU
		{2994D457-26FF-440D-AF2E-7DF7959EDE38}.Release|Any CPU.Build.0 = Release|Any CPU
		{256DD146-03C2-428F-91AD-FB758058B4C9}.Debug|Any CPU.ActiveCfg = Debug|Any CPU
		{256DD146-03C2-428F-91AD-FB758058B4C9}.Debug|Any CPU.Build.0 = Debug|Any CPU
		{256DD146-03C2-428F-91AD-FB758058B4C9}.Release|Any CPU.ActiveCfg = Release|Any CPU
		{256DD146-03C2-428F-91AD-FB758058B4C9}.Release|Any CPU.Build.0 = Release|Any CPU
	EndGlobalSection
	GlobalSection(SolutionProperties) = preSolution
		HideSolutionNode = FALSE
	EndGlobalSection
	GlobalSection(ExtensibilityGlobals) = postSolution
		SolutionGuid = {3D093A85-574A-4FE4-AB1A-45CFC8287CDD}
	EndGlobalSection
EndGlobal
